
Microsoft Visual Studio Solution File, Format Version 12.00
# Visual Studio Version 16
VisualStudioVersion = 16.0.30114.105
MinimumVisualStudioVersion = 10.0.40219.1
Project("{2150E333-8FDC-42A3-9474-1A3956D46DE8}") = "source", "source", "{AB9E35E8-3D01-48E9-A75F-3E1D0BC63DEE}"
EndProject
Project("{FAE04EC0-301F-11D3-BF4B-00C04F79EFBC}") = "CommandHandling", "source\CommandHandling\CommandHandling.csproj", "{9DD05887-E310-4447-9EB0-036353139869}"
EndProject
Project("{FAE04EC0-301F-11D3-BF4B-00C04F79EFBC}") = "Common", "source\Common\Common.csproj", "{4A1E16F2-609C-4D6C-87FE-761D536E2DB3}"
EndProject
Project("{FAE04EC0-301F-11D3-BF4B-00C04F79EFBC}") = "CUI", "source\CUI\CUI.csproj", "{FD6D8FFE-BC6E-42E1-94A1-21941CBC0478}"
EndProject
Project("{FAE04EC0-301F-11D3-BF4B-00C04F79EFBC}") = "Doocutor", "source\Doocutor\Doocutor.csproj", "{72BEE308-0F45-4390-B637-50F598FCDA4E}"
EndProject
Project("{FAE04EC0-301F-11D3-BF4B-00C04F79EFBC}") = "InputHandling", "source\InputHandling\InputHandling.csproj", "{1D16CFB7-CBF5-4950-8160-53A0B5E85B71}"
EndProject
Project("{FAE04EC0-301F-11D3-BF4B-00C04F79EFBC}") = "TextBuffer", "source\TextBuffer\TextBuffer.csproj", "{1AF26870-D39E-418C-B05E-5FD6E00F3B4B}"
EndProject
Project("{FAE04EC0-301F-11D3-BF4B-00C04F79EFBC}") = "Utils", "source\Utils\Utils.csproj", "{C59E5C2E-6B7A-40CE-87C7-13376D7D99EE}"
EndProject
Project("{2150E333-8FDC-42A3-9474-1A3956D46DE8}") = "test", "test", "{F0FB5E90-579B-4F69-97D9-5AC29DAB6C32}"
EndProject
Project("{FAE04EC0-301F-11D3-BF4B-00C04F79EFBC}") = "Tests", "test\Tests\Tests.csproj", "{D844E20E-D5E0-43B0-B1AE-AE66C14B7A3D}"
EndProject
Global
	GlobalSection(SolutionConfigurationPlatforms) = preSolution
		Debug|Any CPU = Debug|Any CPU
		Release|Any CPU = Release|Any CPU
	EndGlobalSection
	GlobalSection(SolutionProperties) = preSolution
		HideSolutionNode = FALSE
	EndGlobalSection
	GlobalSection(ProjectConfigurationPlatforms) = postSolution
		{9DD05887-E310-4447-9EB0-036353139869}.Debug|Any CPU.ActiveCfg = Debug|Any CPU
		{9DD05887-E310-4447-9EB0-036353139869}.Debug|Any CPU.Build.0 = Debug|Any CPU
		{9DD05887-E310-4447-9EB0-036353139869}.Release|Any CPU.ActiveCfg = Release|Any CPU
		{9DD05887-E310-4447-9EB0-036353139869}.Release|Any CPU.Build.0 = Release|Any CPU
		{4A1E16F2-609C-4D6C-87FE-761D536E2DB3}.Debug|Any CPU.ActiveCfg = Debug|Any CPU
		{4A1E16F2-609C-4D6C-87FE-761D536E2DB3}.Debug|Any CPU.Build.0 = Debug|Any CPU
		{4A1E16F2-609C-4D6C-87FE-761D536E2DB3}.Release|Any CPU.ActiveCfg = Release|Any CPU
		{4A1E16F2-609C-4D6C-87FE-761D536E2DB3}.Release|Any CPU.Build.0 = Release|Any CPU
		{FD6D8FFE-BC6E-42E1-94A1-21941CBC0478}.Debug|Any CPU.ActiveCfg = Debug|Any CPU
		{FD6D8FFE-BC6E-42E1-94A1-21941CBC0478}.Debug|Any CPU.Build.0 = Debug|Any CPU
		{FD6D8FFE-BC6E-42E1-94A1-21941CBC0478}.Release|Any CPU.ActiveCfg = Release|Any CPU
		{FD6D8FFE-BC6E-42E1-94A1-21941CBC0478}.Release|Any CPU.Build.0 = Release|Any CPU
		{72BEE308-0F45-4390-B637-50F598FCDA4E}.Debug|Any CPU.ActiveCfg = Debug|Any CPU
		{72BEE308-0F45-4390-B637-50F598FCDA4E}.Debug|Any CPU.Build.0 = Debug|Any CPU
		{72BEE308-0F45-4390-B637-50F598FCDA4E}.Release|Any CPU.ActiveCfg = Release|Any CPU
		{72BEE308-0F45-4390-B637-50F598FCDA4E}.Release|Any CPU.Build.0 = Release|Any CPU
		{1D16CFB7-CBF5-4950-8160-53A0B5E85B71}.Debug|Any CPU.ActiveCfg = Debug|Any CPU
		{1D16CFB7-CBF5-4950-8160-53A0B5E85B71}.Debug|Any CPU.Build.0 = Debug|Any CPU
		{1D16CFB7-CBF5-4950-8160-53A0B5E85B71}.Release|Any CPU.ActiveCfg = Release|Any CPU
		{1D16CFB7-CBF5-4950-8160-53A0B5E85B71}.Release|Any CPU.Build.0 = Release|Any CPU
		{1AF26870-D39E-418C-B05E-5FD6E00F3B4B}.Debug|Any CPU.ActiveCfg = Debug|Any CPU
		{1AF26870-D39E-418C-B05E-5FD6E00F3B4B}.Debug|Any CPU.Build.0 = Debug|Any CPU
		{1AF26870-D39E-418C-B05E-5FD6E00F3B4B}.Release|Any CPU.ActiveCfg = Release|Any CPU
		{1AF26870-D39E-418C-B05E-5FD6E00F3B4B}.Release|Any CPU.Build.0 = Release|Any CPU
		{C59E5C2E-6B7A-40CE-87C7-13376D7D99EE}.Debug|Any CPU.ActiveCfg = Debug|Any CPU
		{C59E5C2E-6B7A-40CE-87C7-13376D7D99EE}.Debug|Any CPU.Build.0 = Debug|Any CPU
		{C59E5C2E-6B7A-40CE-87C7-13376D7D99EE}.Release|Any CPU.ActiveCfg = Release|Any CPU
		{C59E5C2E-6B7A-40CE-87C7-13376D7D99EE}.Release|Any CPU.Build.0 = Release|Any CPU
		{D844E20E-D5E0-43B0-B1AE-AE66C14B7A3D}.Debug|Any CPU.ActiveCfg = Debug|Any CPU
		{D844E20E-D5E0-43B0-B1AE-AE66C14B7A3D}.Debug|Any CPU.Build.0 = Debug|Any CPU
		{D844E20E-D5E0-43B0-B1AE-AE66C14B7A3D}.Release|Any CPU.ActiveCfg = Release|Any CPU
		{D844E20E-D5E0-43B0-B1AE-AE66C14B7A3D}.Release|Any CPU.Build.0 = Release|Any CPU
	EndGlobalSection
	GlobalSection(NestedProjects) = preSolution
		{9DD05887-E310-4447-9EB0-036353139869} = {AB9E35E8-3D01-48E9-A75F-3E1D0BC63DEE}
		{4A1E16F2-609C-4D6C-87FE-761D536E2DB3} = {AB9E35E8-3D01-48E9-A75F-3E1D0BC63DEE}
		{FD6D8FFE-BC6E-42E1-94A1-21941CBC0478} = {AB9E35E8-3D01-48E9-A75F-3E1D0BC63DEE}
		{72BEE308-0F45-4390-B637-50F598FCDA4E} = {AB9E35E8-3D01-48E9-A75F-3E1D0BC63DEE}
		{1D16CFB7-CBF5-4950-8160-53A0B5E85B71} = {AB9E35E8-3D01-48E9-A75F-3E1D0BC63DEE}
		{1AF26870-D39E-418C-B05E-5FD6E00F3B4B} = {AB9E35E8-3D01-48E9-A75F-3E1D0BC63DEE}
		{C59E5C2E-6B7A-40CE-87C7-13376D7D99EE} = {AB9E35E8-3D01-48E9-A75F-3E1D0BC63DEE}
		{D844E20E-D5E0-43B0-B1AE-AE66C14B7A3D} = {F0FB5E90-579B-4F69-97D9-5AC29DAB6C32}
	EndGlobalSection
EndGlobal
