
Microsoft Visual Studio Solution File, Format Version 12.00
# Visual Studio Version 17
VisualStudioVersion = 17.0.31612.314
MinimumVisualStudioVersion = 10.0.40219.1
Project("{9A19103F-16F7-4668-BE54-9A1E7A4F7556}") = "Doocutor", "Doocutor\Doocutor.csproj", "{4479B78E-F6D6-4679-AFED-06E46B3E6588}"
EndProject
Project("{9A19103F-16F7-4668-BE54-9A1E7A4F7556}") = "Tests", "Tests\Tests.csproj", "{4452FC2D-D8F9-49AD-8460-759979B09E1B}"
EndProject
Project("{6EC3EE1D-3C4E-46DD-8F32-0CC8E7565705}") = "Libraries", "Libraries\Libraries.fsproj", "{CA409E5D-D810-41C4-B5B8-ADE30623C286}"
EndProject
Project("{FAE04EC0-301F-11D3-BF4B-00C04F79EFBC}") = "DynamicEditor", "DynamicEditor\DynamicEditor.csproj", "{593D81ED-4960-436F-8E5F-5BA8814736E2}"
EndProject
Project("{FAE04EC0-301F-11D3-BF4B-00C04F79EFBC}") = "Domain", "Domain\Domain.csproj", "{47D84A3F-25DF-4AC2-AC3E-DB8F182CAA69}"
EndProject
Global
	GlobalSection(SolutionConfigurationPlatforms) = preSolution
		Debug|Any CPU = Debug|Any CPU
		Release|Any CPU = Release|Any CPU
	EndGlobalSection
	GlobalSection(ProjectConfigurationPlatforms) = postSolution
		{4479B78E-F6D6-4679-AFED-06E46B3E6588}.Debug|Any CPU.ActiveCfg = Debug|Any CPU
		{4479B78E-F6D6-4679-AFED-06E46B3E6588}.Debug|Any CPU.Build.0 = Debug|Any CPU
		{4479B78E-F6D6-4679-AFED-06E46B3E6588}.Release|Any CPU.ActiveCfg = Release|Any CPU
		{4479B78E-F6D6-4679-AFED-06E46B3E6588}.Release|Any CPU.Build.0 = Release|Any CPU
		{4452FC2D-D8F9-49AD-8460-759979B09E1B}.Debug|Any CPU.ActiveCfg = Debug|Any CPU
		{4452FC2D-D8F9-49AD-8460-759979B09E1B}.Debug|Any CPU.Build.0 = Debug|Any CPU
		{4452FC2D-D8F9-49AD-8460-759979B09E1B}.Release|Any CPU.ActiveCfg = Release|Any CPU
		{4452FC2D-D8F9-49AD-8460-759979B09E1B}.Release|Any CPU.Build.0 = Release|Any CPU
		{CA409E5D-D810-41C4-B5B8-ADE30623C286}.Debug|Any CPU.ActiveCfg = Debug|Any CPU
		{CA409E5D-D810-41C4-B5B8-ADE30623C286}.Debug|Any CPU.Build.0 = Debug|Any CPU
		{CA409E5D-D810-41C4-B5B8-ADE30623C286}.Release|Any CPU.ActiveCfg = Release|Any CPU
		{CA409E5D-D810-41C4-B5B8-ADE30623C286}.Release|Any CPU.Build.0 = Release|Any CPU
		{593D81ED-4960-436F-8E5F-5BA8814736E2}.Debug|Any CPU.ActiveCfg = Debug|Any CPU
		{593D81ED-4960-436F-8E5F-5BA8814736E2}.Debug|Any CPU.Build.0 = Debug|Any CPU
		{593D81ED-4960-436F-8E5F-5BA8814736E2}.Release|Any CPU.ActiveCfg = Release|Any CPU
		{593D81ED-4960-436F-8E5F-5BA8814736E2}.Release|Any CPU.Build.0 = Release|Any CPU
		{47D84A3F-25DF-4AC2-AC3E-DB8F182CAA69}.Debug|Any CPU.ActiveCfg = Debug|Any CPU
		{47D84A3F-25DF-4AC2-AC3E-DB8F182CAA69}.Debug|Any CPU.Build.0 = Debug|Any CPU
		{47D84A3F-25DF-4AC2-AC3E-DB8F182CAA69}.Release|Any CPU.ActiveCfg = Release|Any CPU
		{47D84A3F-25DF-4AC2-AC3E-DB8F182CAA69}.Release|Any CPU.Build.0 = Release|Any CPU
	EndGlobalSection
	GlobalSection(SolutionProperties) = preSolution
		HideSolutionNode = FALSE
	EndGlobalSection
	GlobalSection(ExtensibilityGlobals) = postSolution
		SolutionGuid = {182302C5-C477-4C32-9F21-6F7C4C03667F}
	EndGlobalSection
EndGlobal
